# shellcheck shell=sh
NEXAWRT_REPOSITORY_SCHEMA="1"
NEXAWRT_REPOSITORY_CHANNEL="testing"
NEXAWRT_REPOSITORY_SERIES="25.12"
NEXAWRT_REPOSITORY_RELEASE="25.12.5-r1"
NEXAWRT_REPOSITORY_ARCH="aarch64_cortex-a53"
NEXAWRT_REPOSITORY_BASE_URL="https://tifycloud.github.io/NexaWrt/packages/25.12/testing/aarch64_cortex-a53"
NEXAWRT_REPOSITORY_INDEX_URL="https://tifycloud.github.io/NexaWrt/packages/25.12/testing/aarch64_cortex-a53/packages.adb"
NEXAWRT_REPOSITORY_RELEASE_TAG="package-repository-v25.12.5-r1"
NEXAWRT_REPOSITORY_ASSET="nexawrt-apk-repository-25.12.5-r1.tar.gz"
NEXAWRT_REPOSITORY_PUBLIC_SHA256="21e799c1c16b1fae53ad2e5614c5b85beb3841a326116dfb2d80fe136ddb9093"
NEXAWRT_REPOSITORY_PACKAGE_SET_SHA256="846107a0f6451818c6c761837feb4a8a1fdfb2b8d65c3bb6d8c57945fd2f4f2f"
